
Microsoft Visual Studio Solution File, Format Version 12.00
# Visual Studio Version 17
VisualStudioVersion = 17.1.32210.238
MinimumVisualStudioVersion = 10.0.40219.1
Project("{FAE04EC0-301F-11D3-BF4B-00C04F79EFBC}") = "CougBites.Android", "CougBites\CougBites.Android\CougBites.Android.csproj", "{BB755189-AE2B-4C73-A186-58A221A6550B}"
EndProject
Project("{FAE04EC0-301F-11D3-BF4B-00C04F79EFBC}") = "CougBites", "CougBites\CougBites\CougBites.csproj", "{AF9CB16B-3A0E-43CF-9A66-7573DDFD4623}"
EndProject
Global
	GlobalSection(SolutionConfigurationPlatforms) = preSolution
		Debug|Any CPU = Debug|Any CPU
		Release|Any CPU = Release|Any CPU
	EndGlobalSection
	GlobalSection(ProjectConfigurationPlatforms) = postSolution
		{BB755189-AE2B-4C73-A186-58A221A6550B}.Debug|Any CPU.ActiveCfg = Debug|Any CPU
		{BB755189-AE2B-4C73-A186-58A221A6550B}.Debug|Any CPU.Build.0 = Debug|Any CPU
		{BB755189-AE2B-4C73-A186-58A221A6550B}.Debug|Any CPU.Deploy.0 = Debug|Any CPU
		{BB755189-AE2B-4C73-A186-58A221A6550B}.Release|Any CPU.ActiveCfg = Release|Any CPU
		{BB755189-AE2B-4C73-A186-58A221A6550B}.Release|Any CPU.Build.0 = Release|Any CPU
		{BB755189-AE2B-4C73-A186-58A221A6550B}.Release|Any CPU.Deploy.0 = Release|Any CPU
		{AF9CB16B-3A0E-43CF-9A66-7573DDFD4623}.Debug|Any CPU.ActiveCfg = Debug|Any CPU
		{AF9CB16B-3A0E-43CF-9A66-7573DDFD4623}.Debug|Any CPU.Build.0 = Debug|Any CPU
		{AF9CB16B-3A0E-43CF-9A66-7573DDFD4623}.Debug|Any CPU.Deploy.0 = Debug|Any CPU
		{AF9CB16B-3A0E-43CF-9A66-7573DDFD4623}.Release|Any CPU.ActiveCfg = Release|Any CPU
		{AF9CB16B-3A0E-43CF-9A66-7573DDFD4623}.Release|Any CPU.Build.0 = Release|Any CPU
		{AF9CB16B-3A0E-43CF-9A66-7573DDFD4623}.Release|Any CPU.Deploy.0 = Release|Any CPU
	EndGlobalSection
	GlobalSection(SolutionProperties) = preSolution
		HideSolutionNode = FALSE
	EndGlobalSection
	GlobalSection(ExtensibilityGlobals) = postSolution
		SolutionGuid = {B43B7C04-A6F3-4B57-8347-F6CA4DED97D8}
	EndGlobalSection
EndGlobal
